// !$*UTF8*$!
{
	archiveVersion = 1;
	classes = {
	};
	objectVersion = 55;
	objects = {

/* Begin PBXBuildFile section */
		B63F960B27C8F01C00BB69A4 /* AppDelegate.swift in Sources */ = {isa = PBXBuildFile; fileRef = B63F960A27C8F01C00BB69A4 /* AppDelegate.swift */; };
		B63F960D27C8F01C00BB69A4 /* SceneDelegate.swift in Sources */ = {isa = PBXBuildFile; fileRef = B63F960C27C8F01C00BB69A4 /* SceneDelegate.swift */; };
		B63F960F27C8F01C00BB69A4 /* HomeViewController.swift in Sources */ = {isa = PBXBuildFile; fileRef = B63F960E27C8F01C00BB69A4 /* HomeViewController.swift */; };
		B63F961427C8F01D00BB69A4 /* Assets.xcassets in Resources */ = {isa = PBXBuildFile; fileRef = B63F961327C8F01D00BB69A4 /* Assets.xcassets */; };
		B63F961727C8F01D00BB69A4 /* LaunchScreen.storyboard in Resources */ = {isa = PBXBuildFile; fileRef = B63F961527C8F01D00BB69A4 /* LaunchScreen.storyboard */; };
		B63F962227C8F01D00BB69A4 /* CarnivalTests.swift in Sources */ = {isa = PBXBuildFile; fileRef = B63F962127C8F01D00BB69A4 /* CarnivalTests.swift */; };
		B63F962C27C8F01D00BB69A4 /* CarnivalUITests.swift in Sources */ = {isa = PBXBuildFile; fileRef = B63F962B27C8F01D00BB69A4 /* CarnivalUITests.swift */; };
		B63F962E27C8F01D00BB69A4 /* CarnivalUITestsLaunchTests.swift in Sources */ = {isa = PBXBuildFile; fileRef = B63F962D27C8F01D00BB69A4 /* CarnivalUITestsLaunchTests.swift */; };
		B63F964427C8F59800BB69A4 /* HomeViewController.storyboard in Resources */ = {isa = PBXBuildFile; fileRef = B63F964327C8F59800BB69A4 /* HomeViewController.storyboard */; };
		B63F964627C8FAE700BB69A4 /* HomeHeaderView.swift in Sources */ = {isa = PBXBuildFile; fileRef = B63F964527C8FAE700BB69A4 /* HomeHeaderView.swift */; };
		B63F964A27C90D9200BB69A4 /* UIViewController+.swift in Sources */ = {isa = PBXBuildFile; fileRef = B63F964927C90D9200BB69A4 /* UIViewController+.swift */; };
		B63F964D27C90E4E00BB69A4 /* DetailViewController.swift in Sources */ = {isa = PBXBuildFile; fileRef = B63F964C27C90E4E00BB69A4 /* DetailViewController.swift */; };
		B63F964F27C90E5B00BB69A4 /* DetailViewController.storyboard in Resources */ = {isa = PBXBuildFile; fileRef = B63F964E27C90E5B00BB69A4 /* DetailViewController.storyboard */; };
/* End PBXBuildFile section */

/* Begin PBXContainerItemProxy section */
		B63F961E27C8F01D00BB69A4 /* PBXContainerItemProxy */ = {
			isa = PBXContainerItemProxy;
			containerPortal = B63F95FF27C8F01C00BB69A4 /* Project object */;
			proxyType = 1;
			remoteGlobalIDString = B63F960627C8F01C00BB69A4;
			remoteInfo = Carnival;
		};
		B63F962827C8F01D00BB69A4 /* PBXContainerItemProxy */ = {
			isa = PBXContainerItemProxy;
			containerPortal = B63F95FF27C8F01C00BB69A4 /* Project object */;
			proxyType = 1;
			remoteGlobalIDString = B63F960627C8F01C00BB69A4;
			remoteInfo = Carnival;
		};
/* End PBXContainerItemProxy section */

/* Begin PBXFileReference section */
		B63F960727C8F01C00BB69A4 /* Carnival.app */ = {isa = PBXFileReference; explicitFileType = wrapper.application; includeInIndex = 0; path = Carnival.app; sourceTree = BUILT_PRODUCTS_DIR; };
		B63F960A27C8F01C00BB69A4 /* AppDelegate.swift */ = {isa = PBXFileReference; lastKnownFileType = sourcecode.swift; path = AppDelegate.swift; sourceTree = "<group>"; };
		B63F960C27C8F01C00BB69A4 /* SceneDelegate.swift */ = {isa = PBXFileReference; lastKnownFileType = sourcecode.swift; path = SceneDelegate.swift; sourceTree = "<group>"; };
		B63F960E27C8F01C00BB69A4 /* HomeViewController.swift */ = {isa = PBXFileReference; lastKnownFileType = sourcecode.swift; path = HomeViewController.swift; sourceTree = "<group>"; };
		B63F961327C8F01D00BB69A4 /* Assets.xcassets */ = {isa = PBXFileReference; lastKnownFileType = folder.assetcatalog; path = Assets.xcassets; sourceTree = "<group>"; };
		B63F961627C8F01D00BB69A4 /* Base */ = {isa = PBXFileReference; lastKnownFileType = file.storyboard; name = Base; path = Base.lproj/LaunchScreen.storyboard; sourceTree = "<group>"; };
		B63F961827C8F01D00BB69A4 /* Info.plist */ = {isa = PBXFileReference; lastKnownFileType = text.plist.xml; path = Info.plist; sourceTree = "<group>"; };
		B63F961D27C8F01D00BB69A4 /* CarnivalTests.xctest */ = {isa = PBXFileReference; explicitFileType = wrapper.cfbundle; includeInIndex = 0; path = CarnivalTests.xctest; sourceTree = BUILT_PRODUCTS_DIR; };
		B63F962127C8F01D00BB69A4 /* CarnivalTests.swift */ = {isa = PBXFileReference; lastKnownFileType = sourcecode.swift; path = CarnivalTests.swift; sourceTree = "<group>"; };
		B63F962727C8F01D00BB69A4 /* CarnivalUITests.xctest */ = {isa = PBXFileReference; explicitFileType = wrapper.cfbundle; includeInIndex = 0; path = CarnivalUITests.xctest; sourceTree = BUILT_PRODUCTS_DIR; };
		B63F962B27C8F01D00BB69A4 /* CarnivalUITests.swift */ = {isa = PBXFileReference; lastKnownFileType = sourcecode.swift; path = CarnivalUITests.swift; sourceTree = "<group>"; };
		B63F962D27C8F01D00BB69A4 /* CarnivalUITestsLaunchTests.swift */ = {isa = PBXFileReference; lastKnownFileType = sourcecode.swift; path = CarnivalUITestsLaunchTests.swift; sourceTree = "<group>"; };
		B63F963B27C8F0EE00BB69A4 /* Project.Base.xcconfig */ = {isa = PBXFileReference; lastKnownFileType = text.xcconfig; path = Project.Base.xcconfig; sourceTree = "<group>"; };
		B63F963C27C8F11000BB69A4 /* Project.Debug.xcconfig */ = {isa = PBXFileReference; lastKnownFileType = text.xcconfig; path = Project.Debug.xcconfig; sourceTree = "<group>"; };
		B63F963D27C8F12100BB69A4 /* Project.Release.xcconfig */ = {isa = PBXFileReference; lastKnownFileType = text.xcconfig; path = Project.Release.xcconfig; sourceTree = "<group>"; };
		B63F964327C8F59800BB69A4 /* HomeViewController.storyboard */ = {isa = PBXFileReference; lastKnownFileType = file.storyboard; path = HomeViewController.storyboard; sourceTree = "<group>"; };
		B63F964527C8FAE700BB69A4 /* HomeHeaderView.swift */ = {isa = PBXFileReference; lastKnownFileType = sourcecode.swift; path = HomeHeaderView.swift; sourceTree = "<group>"; };
		B63F964927C90D9200BB69A4 /* UIViewController+.swift */ = {isa = PBXFileReference; lastKnownFileType = sourcecode.swift; path = "UIViewController+.swift"; sourceTree = "<group>"; };
		B63F964C27C90E4E00BB69A4 /* DetailViewController.swift */ = {isa = PBXFileReference; lastKnownFileType = sourcecode.swift; path = DetailViewController.swift; sourceTree = "<group>"; };
		B63F964E27C90E5B00BB69A4 /* DetailViewController.storyboard */ = {isa = PBXFileReference; lastKnownFileType = file.storyboard; path = DetailViewController.storyboard; sourceTree = "<group>"; };
/* End PBXFileReference section */

/* Begin PBXFrameworksBuildPhase section */
		B63F960427C8F01C00BB69A4 /* Frameworks */ = {
			isa = PBXFrameworksBuildPhase;
			buildActionMask = 2147483647;
			files = (
			);
			runOnlyForDeploymentPostprocessing = 0;
		};
		B63F961A27C8F01D00BB69A4 /* Frameworks */ = {
			isa = PBXFrameworksBuildPhase;
			buildActionMask = 2147483647;
			files = (
			);
			runOnlyForDeploymentPostprocessing = 0;
		};
		B63F962427C8F01D00BB69A4 /* Frameworks */ = {
			isa = PBXFrameworksBuildPhase;
			buildActionMask = 2147483647;
			files = (
			);
			runOnlyForDeploymentPostprocessing = 0;
		};
/* End PBXFrameworksBuildPhase section */

/* Begin PBXGroup section */
		B63F95FE27C8F01C00BB69A4 = {
			isa = PBXGroup;
			children = (
				B63F963A27C8F0B700BB69A4 /* Configs */,
				B63F960927C8F01C00BB69A4 /* Carnival */,
				B63F962027C8F01D00BB69A4 /* CarnivalTests */,
				B63F962A27C8F01D00BB69A4 /* CarnivalUITests */,
				B63F960827C8F01C00BB69A4 /* Products */,
			);
			sourceTree = "<group>";
		};
		B63F960827C8F01C00BB69A4 /* Products */ = {
			isa = PBXGroup;
			children = (
				B63F960727C8F01C00BB69A4 /* Carnival.app */,
				B63F961D27C8F01D00BB69A4 /* CarnivalTests.xctest */,
				B63F962727C8F01D00BB69A4 /* CarnivalUITests.xctest */,
			);
			name = Products;
			sourceTree = "<group>";
		};
		B63F960927C8F01C00BB69A4 /* Carnival */ = {
			isa = PBXGroup;
			children = (
				B63F963E27C8F49800BB69A4 /* Application */,
				B63F964027C8F50700BB69A4 /* Presentation */,
				B63F963F27C8F4D900BB69A4 /* Resources */,
			);
			path = Carnival;
			sourceTree = "<group>";
		};
		B63F962027C8F01D00BB69A4 /* CarnivalTests */ = {
			isa = PBXGroup;
			children = (
				B63F962127C8F01D00BB69A4 /* CarnivalTests.swift */,
			);
			path = CarnivalTests;
			sourceTree = "<group>";
		};
		B63F962A27C8F01D00BB69A4 /* CarnivalUITests */ = {
			isa = PBXGroup;
			children = (
				B63F962B27C8F01D00BB69A4 /* CarnivalUITests.swift */,
				B63F962D27C8F01D00BB69A4 /* CarnivalUITestsLaunchTests.swift */,
			);
			path = CarnivalUITests;
			sourceTree = "<group>";
		};
		B63F963A27C8F0B700BB69A4 /* Configs */ = {
			isa = PBXGroup;
			children = (
				B63F963B27C8F0EE00BB69A4 /* Project.Base.xcconfig */,
				B63F963C27C8F11000BB69A4 /* Project.Debug.xcconfig */,
				B63F963D27C8F12100BB69A4 /* Project.Release.xcconfig */,
			);
			path = Configs;
			sourceTree = "<group>";
		};
		B63F963E27C8F49800BB69A4 /* Application */ = {
			isa = PBXGroup;
			children = (
				B63F960A27C8F01C00BB69A4 /* AppDelegate.swift */,
				B63F960C27C8F01C00BB69A4 /* SceneDelegate.swift */,
				B63F961527C8F01D00BB69A4 /* LaunchScreen.storyboard */,
				B63F961827C8F01D00BB69A4 /* Info.plist */,
			);
			path = Application;
			sourceTree = "<group>";
		};
		B63F963F27C8F4D900BB69A4 /* Resources */ = {
			isa = PBXGroup;
			children = (
				B63F961327C8F01D00BB69A4 /* Assets.xcassets */,
			);
			path = Resources;
			sourceTree = "<group>";
		};
		B63F964027C8F50700BB69A4 /* Presentation */ = {
			isa = PBXGroup;
			children = (
				B63F964727C90D6700BB69A4 /* Utilities */,
				B63F964127C8F51600BB69A4 /* Views */,
			);
			path = Presentation;
			sourceTree = "<group>";
		};
		B63F964127C8F51600BB69A4 /* Views */ = {
			isa = PBXGroup;
			children = (
				B63F964B27C90E2200BB69A4 /* Detail */,
				B63F964227C8F55400BB69A4 /* Home */,
			);
			path = Views;
			sourceTree = "<group>";
		};
		B63F964227C8F55400BB69A4 /* Home */ = {
			isa = PBXGroup;
			children = (
				B63F964527C8FAE700BB69A4 /* HomeHeaderView.swift */,
				B63F964327C8F59800BB69A4 /* HomeViewController.storyboard */,
				B63F960E27C8F01C00BB69A4 /* HomeViewController.swift */,
			);
			path = Home;
			sourceTree = "<group>";
		};
		B63F964727C90D6700BB69A4 /* Utilities */ = {
			isa = PBXGroup;
			children = (
				B63F964827C90D7E00BB69A4 /* Extension */,
			);
			path = Utilities;
			sourceTree = "<group>";
		};
		B63F964827C90D7E00BB69A4 /* Extension */ = {
			isa = PBXGroup;
			children = (
				B63F964927C90D9200BB69A4 /* UIViewController+.swift */,
			);
			path = Extension;
			sourceTree = "<group>";
		};
		B63F964B27C90E2200BB69A4 /* Detail */ = {
			isa = PBXGroup;
			children = (
				B63F964E27C90E5B00BB69A4 /* DetailViewController.storyboard */,
				B63F964C27C90E4E00BB69A4 /* DetailViewController.swift */,
			);
			path = Detail;
			sourceTree = "<group>";
		};
/* End PBXGroup section */

/* Begin PBXNativeTarget section */
		B63F960627C8F01C00BB69A4 /* Carnival */ = {
			isa = PBXNativeTarget;
			buildConfigurationList = B63F963127C8F01D00BB69A4 /* Build configuration list for PBXNativeTarget "Carnival" */;
			buildPhases = (
				B63F960327C8F01C00BB69A4 /* Sources */,
				B63F960427C8F01C00BB69A4 /* Frameworks */,
				B63F960527C8F01C00BB69A4 /* Resources */,
			);
			buildRules = (
			);
			dependencies = (
			);
			name = Carnival;
			productName = Carnival;
			productReference = B63F960727C8F01C00BB69A4 /* Carnival.app */;
			productType = "com.apple.product-type.application";
		};
		B63F961C27C8F01D00BB69A4 /* CarnivalTests */ = {
			isa = PBXNativeTarget;
			buildConfigurationList = B63F963427C8F01D00BB69A4 /* Build configuration list for PBXNativeTarget "CarnivalTests" */;
			buildPhases = (
				B63F961927C8F01D00BB69A4 /* Sources */,
				B63F961A27C8F01D00BB69A4 /* Frameworks */,
				B63F961B27C8F01D00BB69A4 /* Resources */,
			);
			buildRules = (
			);
			dependencies = (
				B63F961F27C8F01D00BB69A4 /* PBXTargetDependency */,
			);
			name = CarnivalTests;
			productName = CarnivalTests;
			productReference = B63F961D27C8F01D00BB69A4 /* CarnivalTests.xctest */;
			productType = "com.apple.product-type.bundle.unit-test";
		};
		B63F962627C8F01D00BB69A4 /* CarnivalUITests */ = {
			isa = PBXNativeTarget;
			buildConfigurationList = B63F963727C8F01D00BB69A4 /* Build configuration list for PBXNativeTarget "CarnivalUITests" */;
			buildPhases = (
				B63F962327C8F01D00BB69A4 /* Sources */,
				B63F962427C8F01D00BB69A4 /* Frameworks */,
				B63F962527C8F01D00BB69A4 /* Resources */,
			);
			buildRules = (
			);
			dependencies = (
				B63F962927C8F01D00BB69A4 /* PBXTargetDependency */,
			);
			name = CarnivalUITests;
			productName = CarnivalUITests;
			productReference = B63F962727C8F01D00BB69A4 /* CarnivalUITests.xctest */;
			productType = "com.apple.product-type.bundle.ui-testing";
		};
/* End PBXNativeTarget section */

/* Begin PBXProject section */
		B63F95FF27C8F01C00BB69A4 /* Project object */ = {
			isa = PBXProject;
			attributes = {
				BuildIndependentTargetsInParallel = 1;
				LastSwiftUpdateCheck = 1320;
				LastUpgradeCheck = 1320;
				TargetAttributes = {
					B63F960627C8F01C00BB69A4 = {
						CreatedOnToolsVersion = 13.2.1;
					};
					B63F961C27C8F01D00BB69A4 = {
						CreatedOnToolsVersion = 13.2.1;
						TestTargetID = B63F960627C8F01C00BB69A4;
					};
					B63F962627C8F01D00BB69A4 = {
						CreatedOnToolsVersion = 13.2.1;
						TestTargetID = B63F960627C8F01C00BB69A4;
					};
				};
			};
			buildConfigurationList = B63F960227C8F01C00BB69A4 /* Build configuration list for PBXProject "Carnival" */;
			compatibilityVersion = "Xcode 13.0";
			developmentRegion = en;
			hasScannedForEncodings = 0;
			knownRegions = (
				en,
				Base,
			);
			mainGroup = B63F95FE27C8F01C00BB69A4;
			productRefGroup = B63F960827C8F01C00BB69A4 /* Products */;
			projectDirPath = "";
			projectRoot = "";
			targets = (
				B63F960627C8F01C00BB69A4 /* Carnival */,
				B63F961C27C8F01D00BB69A4 /* CarnivalTests */,
				B63F962627C8F01D00BB69A4 /* CarnivalUITests */,
			);
		};
/* End PBXProject section */

/* Begin PBXResourcesBuildPhase section */
		B63F960527C8F01C00BB69A4 /* Resources */ = {
			isa = PBXResourcesBuildPhase;
			buildActionMask = 2147483647;
			files = (
				B63F964F27C90E5B00BB69A4 /* DetailViewController.storyboard in Resources */,
				B63F961727C8F01D00BB69A4 /* LaunchScreen.storyboard in Resources */,
				B63F961427C8F01D00BB69A4 /* Assets.xcassets in Resources */,
				B63F964427C8F59800BB69A4 /* HomeViewController.storyboard in Resources */,
			);
			runOnlyForDeploymentPostprocessing = 0;
		};
		B63F961B27C8F01D00BB69A4 /* Resources */ = {
			isa = PBXResourcesBuildPhase;
			buildActionMask = 2147483647;
			files = (
			);
			runOnlyForDeploymentPostprocessing = 0;
		};
		B63F962527C8F01D00BB69A4 /* Resources */ = {
			isa = PBXResourcesBuildPhase;
			buildActionMask = 2147483647;
			files = (
			);
			runOnlyForDeploymentPostprocessing = 0;
		};
/* End PBXResourcesBuildPhase section */

/* Begin PBXSourcesBuildPhase section */
		B63F960327C8F01C00BB69A4 /* Sources */ = {
			isa = PBXSourcesBuildPhase;
			buildActionMask = 2147483647;
			files = (
				B63F964627C8FAE700BB69A4 /* HomeHeaderView.swift in Sources */,
				B63F960F27C8F01C00BB69A4 /* HomeViewController.swift in Sources */,
				B63F964A27C90D9200BB69A4 /* UIViewController+.swift in Sources */,
				B63F964D27C90E4E00BB69A4 /* DetailViewController.swift in Sources */,
				B63F960B27C8F01C00BB69A4 /* AppDelegate.swift in Sources */,
				B63F960D27C8F01C00BB69A4 /* SceneDelegate.swift in Sources */,
			);
			runOnlyForDeploymentPostprocessing = 0;
		};
		B63F961927C8F01D00BB69A4 /* Sources */ = {
			isa = PBXSourcesBuildPhase;
			buildActionMask = 2147483647;
			files = (
				B63F962227C8F01D00BB69A4 /* CarnivalTests.swift in Sources */,
			);
			runOnlyForDeploymentPostprocessing = 0;
		};
		B63F962327C8F01D00BB69A4 /* Sources */ = {
			isa = PBXSourcesBuildPhase;
			buildActionMask = 2147483647;
			files = (
				B63F962E27C8F01D00BB69A4 /* CarnivalUITestsLaunchTests.swift in Sources */,
				B63F962C27C8F01D00BB69A4 /* CarnivalUITests.swift in Sources */,
			);
			runOnlyForDeploymentPostprocessing = 0;
		};
/* End PBXSourcesBuildPhase section */

/* Begin PBXTargetDependency section */
		B63F961F27C8F01D00BB69A4 /* PBXTargetDependency */ = {
			isa = PBXTargetDependency;
			target = B63F960627C8F01C00BB69A4 /* Carnival */;
			targetProxy = B63F961E27C8F01D00BB69A4 /* PBXContainerItemProxy */;
		};
		B63F962927C8F01D00BB69A4 /* PBXTargetDependency */ = {
			isa = PBXTargetDependency;
			target = B63F960627C8F01C00BB69A4 /* Carnival */;
			targetProxy = B63F962827C8F01D00BB69A4 /* PBXContainerItemProxy */;
		};
/* End PBXTargetDependency section */

/* Begin PBXVariantGroup section */
		B63F961527C8F01D00BB69A4 /* LaunchScreen.storyboard */ = {
			isa = PBXVariantGroup;
			children = (
				B63F961627C8F01D00BB69A4 /* Base */,
			);
			name = LaunchScreen.storyboard;
			sourceTree = "<group>";
		};
/* End PBXVariantGroup section */

/* Begin XCBuildConfiguration section */
		B63F962F27C8F01D00BB69A4 /* Debug */ = {
			isa = XCBuildConfiguration;
			buildSettings = {
				ALWAYS_SEARCH_USER_PATHS = NO;
				CLANG_ANALYZER_NONNULL = YES;
				CLANG_ANALYZER_NUMBER_OBJECT_CONVERSION = YES_AGGRESSIVE;
				CLANG_CXX_LANGUAGE_STANDARD = "gnu++17";
				CLANG_CXX_LIBRARY = "libc++";
				CLANG_ENABLE_MODULES = YES;
				CLANG_ENABLE_OBJC_ARC = YES;
				CLANG_ENABLE_OBJC_WEAK = YES;
				CLANG_WARN_BLOCK_CAPTURE_AUTORELEASING = YES;
				CLANG_WARN_BOOL_CONVERSION = YES;
				CLANG_WARN_COMMA = YES;
				CLANG_WARN_CONSTANT_CONVERSION = YES;
				CLANG_WARN_DEPRECATED_OBJC_IMPLEMENTATIONS = YES;
				CLANG_WARN_DIRECT_OBJC_ISA_USAGE = YES_ERROR;
				CLANG_WARN_DOCUMENTATION_COMMENTS = YES;
				CLANG_WARN_EMPTY_BODY = YES;
				CLANG_WARN_ENUM_CONVERSION = YES;
				CLANG_WARN_INFINITE_RECURSION = YES;
				CLANG_WARN_INT_CONVERSION = YES;
				CLANG_WARN_NON_LITERAL_NULL_CONVERSION = YES;
				CLANG_WARN_OBJC_IMPLICIT_RETAIN_SELF = YES;
				CLANG_WARN_OBJC_LITERAL_CONVERSION = YES;
				CLANG_WARN_OBJC_ROOT_CLASS = YES_ERROR;
				CLANG_WARN_QUOTED_INCLUDE_IN_FRAMEWORK_HEADER = YES;
				CLANG_WARN_RANGE_LOOP_ANALYSIS = YES;
				CLANG_WARN_STRICT_PROTOTYPES = YES;
				CLANG_WARN_SUSPICIOUS_MOVE = YES;
				CLANG_WARN_UNGUARDED_AVAILABILITY = YES_AGGRESSIVE;
				CLANG_WARN_UNREACHABLE_CODE = YES;
				CLANG_WARN__DUPLICATE_METHOD_MATCH = YES;
				COPY_PHASE_STRIP = NO;
				DEBUG_INFORMATION_FORMAT = dwarf;
				ENABLE_STRICT_OBJC_MSGSEND = YES;
				ENABLE_TESTABILITY = YES;
				GCC_C_LANGUAGE_STANDARD = gnu11;
				GCC_DYNAMIC_NO_PIC = NO;
				GCC_NO_COMMON_BLOCKS = YES;
				GCC_OPTIMIZATION_LEVEL = 0;
				GCC_PREPROCESSOR_DEFINITIONS = (
					"DEBUG=1",
					"$(inherited)",
				);
				GCC_WARN_64_TO_32_BIT_CONVERSION = YES;
				GCC_WARN_ABOUT_RETURN_TYPE = YES_ERROR;
				GCC_WARN_UNDECLARED_SELECTOR = YES;
				GCC_WARN_UNINITIALIZED_AUTOS = YES_AGGRESSIVE;
				GCC_WARN_UNUSED_FUNCTION = YES;
				GCC_WARN_UNUSED_VARIABLE = YES;
				IPHONEOS_DEPLOYMENT_TARGET = 15.2;
				MTL_ENABLE_DEBUG_INFO = INCLUDE_SOURCE;
				MTL_FAST_MATH = YES;
				ONLY_ACTIVE_ARCH = YES;
				SDKROOT = iphoneos;
				SWIFT_ACTIVE_COMPILATION_CONDITIONS = DEBUG;
				SWIFT_OPTIMIZATION_LEVEL = "-Onone";
			};
			name = Debug;
		};
		B63F963027C8F01D00BB69A4 /* Release */ = {
			isa = XCBuildConfiguration;
			buildSettings = {
				ALWAYS_SEARCH_USER_PATHS = NO;
				CLANG_ANALYZER_NONNULL = YES;
				CLANG_ANALYZER_NUMBER_OBJECT_CONVERSION = YES_AGGRESSIVE;
				CLANG_CXX_LANGUAGE_STANDARD = "gnu++17";
				CLANG_CXX_LIBRARY = "libc++";
				CLANG_ENABLE_MODULES = YES;
				CLANG_ENABLE_OBJC_ARC = YES;
				CLANG_ENABLE_OBJC_WEAK = YES;
				CLANG_WARN_BLOCK_CAPTURE_AUTORELEASING = YES;
				CLANG_WARN_BOOL_CONVERSION = YES;
				CLANG_WARN_COMMA = YES;
				CLANG_WARN_CONSTANT_CONVERSION = YES;
				CLANG_WARN_DEPRECATED_OBJC_IMPLEMENTATIONS = YES;
				CLANG_WARN_DIRECT_OBJC_ISA_USAGE = YES_ERROR;
				CLANG_WARN_DOCUMENTATION_COMMENTS = YES;
				CLANG_WARN_EMPTY_BODY = YES;
				CLANG_WARN_ENUM_CONVERSION = YES;
				CLANG_WARN_INFINITE_RECURSION = YES;
				CLANG_WARN_INT_CONVERSION = YES;
				CLANG_WARN_NON_LITERAL_NULL_CONVERSION = YES;
				CLANG_WARN_OBJC_IMPLICIT_RETAIN_SELF = YES;
				CLANG_WARN_OBJC_LITERAL_CONVERSION = YES;
				CLANG_WARN_OBJC_ROOT_CLASS = YES_ERROR;
				CLANG_WARN_QUOTED_INCLUDE_IN_FRAMEWORK_HEADER = YES;
				CLANG_WARN_RANGE_LOOP_ANALYSIS = YES;
				CLANG_WARN_STRICT_PROTOTYPES = YES;
				CLANG_WARN_SUSPICIOUS_MOVE = YES;
				CLANG_WARN_UNGUARDED_AVAILABILITY = YES_AGGRESSIVE;
				CLANG_WARN_UNREACHABLE_CODE = YES;
				CLANG_WARN__DUPLICATE_METHOD_MATCH = YES;
				COPY_PHASE_STRIP = NO;
				DEBUG_INFORMATION_FORMAT = "dwarf-with-dsym";
				ENABLE_NS_ASSERTIONS = NO;
				ENABLE_STRICT_OBJC_MSGSEND = YES;
				GCC_C_LANGUAGE_STANDARD = gnu11;
				GCC_NO_COMMON_BLOCKS = YES;
				GCC_WARN_64_TO_32_BIT_CONVERSION = YES;
				GCC_WARN_ABOUT_RETURN_TYPE = YES_ERROR;
				GCC_WARN_UNDECLARED_SELECTOR = YES;
				GCC_WARN_UNINITIALIZED_AUTOS = YES_AGGRESSIVE;
				GCC_WARN_UNUSED_FUNCTION = YES;
				GCC_WARN_UNUSED_VARIABLE = YES;
				IPHONEOS_DEPLOYMENT_TARGET = 15.2;
				MTL_ENABLE_DEBUG_INFO = NO;
				MTL_FAST_MATH = YES;
				SDKROOT = iphoneos;
				SWIFT_COMPILATION_MODE = wholemodule;
				SWIFT_OPTIMIZATION_LEVEL = "-O";
				VALIDATE_PRODUCT = YES;
			};
			name = Release;
		};
		B63F963227C8F01D00BB69A4 /* Debug */ = {
			isa = XCBuildConfiguration;
			baseConfigurationReference = B63F963C27C8F11000BB69A4 /* Project.Debug.xcconfig */;
			buildSettings = {
				ASSETCATALOG_COMPILER_APPICON_NAME = AppIcon;
				ASSETCATALOG_COMPILER_GLOBAL_ACCENT_COLOR_NAME = AccentColor;
				CODE_SIGN_STYLE = Automatic;
				CURRENT_PROJECT_VERSION = 1;
				DEVELOPMENT_TEAM = B8PR34D6DP;
				GENERATE_INFOPLIST_FILE = YES;
				INFOPLIST_FILE = Carnival/Application/Info.plist;
				INFOPLIST_KEY_UIApplicationSupportsIndirectInputEvents = YES;
				INFOPLIST_KEY_UILaunchStoryboardName = LaunchScreen;
				INFOPLIST_KEY_UISupportedInterfaceOrientations_iPad = "UIInterfaceOrientationPortrait UIInterfaceOrientationPortraitUpsideDown UIInterfaceOrientationLandscapeLeft UIInterfaceOrientationLandscapeRight";
				INFOPLIST_KEY_UISupportedInterfaceOrientations_iPhone = "UIInterfaceOrientationPortrait UIInterfaceOrientationLandscapeLeft UIInterfaceOrientationLandscapeRight";
				IPHONEOS_DEPLOYMENT_TARGET = 13.0;
				LD_RUNPATH_SEARCH_PATHS = (
					"$(inherited)",
					"@executable_path/Frameworks",
				);
				MARKETING_VERSION = 1.0;
				PRODUCT_BUNDLE_IDENTIFIER = jp.yuoku.Carnival;
				PRODUCT_NAME = "$(TARGET_NAME)";
				SWIFT_EMIT_LOC_STRINGS = YES;
				SWIFT_VERSION = 5.0;
				TARGETED_DEVICE_FAMILY = "1,2";
			};
			name = Debug;
		};
		B63F963327C8F01D00BB69A4 /* Release */ = {
			isa = XCBuildConfiguration;
			baseConfigurationReference = B63F963D27C8F12100BB69A4 /* Project.Release.xcconfig */;
			buildSettings = {
				ASSETCATALOG_COMPILER_APPICON_NAME = AppIcon;
				ASSETCATALOG_COMPILER_GLOBAL_ACCENT_COLOR_NAME = AccentColor;
				CODE_SIGN_STYLE = Automatic;
				CURRENT_PROJECT_VERSION = 1;
				DEVELOPMENT_TEAM = B8PR34D6DP;
				GENERATE_INFOPLIST_FILE = YES;
				INFOPLIST_FILE = Carnival/Application/Info.plist;
				INFOPLIST_KEY_UIApplicationSupportsIndirectInputEvents = YES;
				INFOPLIST_KEY_UILaunchStoryboardName = LaunchScreen;
				INFOPLIST_KEY_UISupportedInterfaceOrientations_iPad = "UIInterfaceOrientationPortrait UIInterfaceOrientationPortraitUpsideDown UIInterfaceOrientationLandscapeLeft UIInterfaceOrientationLandscapeRight";
				INFOPLIST_KEY_UISupportedInterfaceOrientations_iPhone = "UIInterfaceOrientationPortrait UIInterfaceOrientationLandscapeLeft UIInterfaceOrientationLandscapeRight";
				IPHONEOS_DEPLOYMENT_TARGET = 13.0;
				LD_RUNPATH_SEARCH_PATHS = (
					"$(inherited)",
					"@executable_path/Frameworks",
				);
				MARKETING_VERSION = 1.0;
				PRODUCT_BUNDLE_IDENTIFIER = jp.yuoku.Carnival;
				PRODUCT_NAME = "$(TARGET_NAME)";
				SWIFT_EMIT_LOC_STRINGS = YES;
				SWIFT_VERSION = 5.0;
				TARGETED_DEVICE_FAMILY = "1,2";
			};
			name = Release;
		};
		B63F963527C8F01D00BB69A4 /* Debug */ = {
			isa = XCBuildConfiguration;
			buildSettings = {
				ALWAYS_EMBED_SWIFT_STANDARD_LIBRARIES = YES;
				BUNDLE_LOADER = "$(TEST_HOST)";
				CODE_SIGN_STYLE = Automatic;
				CURRENT_PROJECT_VERSION = 1;
				DEVELOPMENT_TEAM = B8PR34D6DP;
				GENERATE_INFOPLIST_FILE = YES;
				IPHONEOS_DEPLOYMENT_TARGET = 15.2;
				MARKETING_VERSION = 1.0;
				PRODUCT_BUNDLE_IDENTIFIER = jp.yuoku.CarnivalTests;
				PRODUCT_NAME = "$(TARGET_NAME)";
				SWIFT_EMIT_LOC_STRINGS = NO;
				SWIFT_VERSION = 5.0;
				TARGETED_DEVICE_FAMILY = "1,2";
				TEST_HOST = "$(BUILT_PRODUCTS_DIR)/Carnival.app/Carnival";
			};
			name = Debug;
		};
		B63F963627C8F01D00BB69A4 /* Release */ = {
			isa = XCBuildConfiguration;
			buildSettings = {
				ALWAYS_EMBED_SWIFT_STANDARD_LIBRARIES = YES;
				BUNDLE_LOADER = "$(TEST_HOST)";
				CODE_SIGN_STYLE = Automatic;
				CURRENT_PROJECT_VERSION = 1;
				DEVELOPMENT_TEAM = B8PR34D6DP;
				GENERATE_INFOPLIST_FILE = YES;
				IPHONEOS_DEPLOYMENT_TARGET = 15.2;
				MARKETING_VERSION = 1.0;
				PRODUCT_BUNDLE_IDENTIFIER = jp.yuoku.CarnivalTests;
				PRODUCT_NAME = "$(TARGET_NAME)";
				SWIFT_EMIT_LOC_STRINGS = NO;
				SWIFT_VERSION = 5.0;
				TARGETED_DEVICE_FAMILY = "1,2";
				TEST_HOST = "$(BUILT_PRODUCTS_DIR)/Carnival.app/Carnival";
			};
			name = Release;
		};
		B63F963827C8F01D00BB69A4 /* Debug */ = {
			isa = XCBuildConfiguration;
			buildSettings = {
				ALWAYS_EMBED_SWIFT_STANDARD_LIBRARIES = YES;
				CODE_SIGN_STYLE = Automatic;
				CURRENT_PROJECT_VERSION = 1;
				DEVELOPMENT_TEAM = B8PR34D6DP;
				GENERATE_INFOPLIST_FILE = YES;
				MARKETING_VERSION = 1.0;
				PRODUCT_BUNDLE_IDENTIFIER = jp.yuoku.CarnivalUITests;
				PRODUCT_NAME = "$(TARGET_NAME)";
				SWIFT_EMIT_LOC_STRINGS = NO;
				SWIFT_VERSION = 5.0;
				TARGETED_DEVICE_FAMILY = "1,2";
				TEST_TARGET_NAME = Carnival;
			};
			name = Debug;
		};
		B63F963927C8F01D00BB69A4 /* Release */ = {
			isa = XCBuildConfiguration;
			buildSettings = {
				ALWAYS_EMBED_SWIFT_STANDARD_LIBRARIES = YES;
				CODE_SIGN_STYLE = Automatic;
				CURRENT_PROJECT_VERSION = 1;
				DEVELOPMENT_TEAM = B8PR34D6DP;
				GENERATE_INFOPLIST_FILE = YES;
				MARKETING_VERSION = 1.0;
				PRODUCT_BUNDLE_IDENTIFIER = jp.yuoku.CarnivalUITests;
				PRODUCT_NAME = "$(TARGET_NAME)";
				SWIFT_EMIT_LOC_STRINGS = NO;
				SWIFT_VERSION = 5.0;
				TARGETED_DEVICE_FAMILY = "1,2";
				TEST_TARGET_NAME = Carnival;
			};
			name = Release;
		};
/* End XCBuildConfiguration section */

/* Begin XCConfigurationList section */
		B63F960227C8F01C00BB69A4 /* Build configuration list for PBXProject "Carnival" */ = {
			isa = XCConfigurationList;
			buildConfigurations = (
				B63F962F27C8F01D00BB69A4 /* Debug */,
				B63F963027C8F01D00BB69A4 /* Release */,
			);
			defaultConfigurationIsVisible = 0;
			defaultConfigurationName = Release;
		};
		B63F963127C8F01D00BB69A4 /* Build configuration list for PBXNativeTarget "Carnival" */ = {
			isa = XCConfigurationList;
			buildConfigurations = (
				B63F963227C8F01D00BB69A4 /* Debug */,
				B63F963327C8F01D00BB69A4 /* Release */,
			);
			defaultConfigurationIsVisible = 0;
			defaultConfigurationName = Release;
		};
		B63F963427C8F01D00BB69A4 /* Build configuration list for PBXNativeTarget "CarnivalTests" */ = {
			isa = XCConfigurationList;
			buildConfigurations = (
				B63F963527C8F01D00BB69A4 /* Debug */,
				B63F963627C8F01D00BB69A4 /* Release */,
			);
			defaultConfigurationIsVisible = 0;
			defaultConfigurationName = Release;
		};
		B63F963727C8F01D00BB69A4 /* Build configuration list for PBXNativeTarget "CarnivalUITests" */ = {
			isa = XCConfigurationList;
			buildConfigurations = (
				B63F963827C8F01D00BB69A4 /* Debug */,
				B63F963927C8F01D00BB69A4 /* Release */,
			);
			defaultConfigurationIsVisible = 0;
			defaultConfigurationName = Release;
		};
/* End XCConfigurationList section */
	};
	rootObject = B63F95FF27C8F01C00BB69A4 /* Project object */;
}
