// !$*UTF8*$!
{
	archiveVersion = 1;
	classes = {
	};
	objectVersion = 55;
	objects = {

/* Begin PBXBuildFile section */
		3F1A5A86571B6FF8BF97CAC2 /* Pods_Carnival.framework in Frameworks */ = {isa = PBXBuildFile; fileRef = 7D0DF7EB082C4B01CEC4EE2D /* Pods_Carnival.framework */; };
		B619E0D127C9B14D0002BAD3 /* TopThumbnailTableViewCell.swift in Sources */ = {isa = PBXBuildFile; fileRef = B619E0CF27C9B14D0002BAD3 /* TopThumbnailTableViewCell.swift */; };
		B619E0D227C9B14D0002BAD3 /* TopThumbnailTableViewCell.xib in Resources */ = {isa = PBXBuildFile; fileRef = B619E0D027C9B14D0002BAD3 /* TopThumbnailTableViewCell.xib */; };
		B619E0D427C9C5F60002BAD3 /* FadeInTabView.swift in Sources */ = {isa = PBXBuildFile; fileRef = B619E0D327C9C5F60002BAD3 /* FadeInTabView.swift */; };
		B619E0DA27CA8E280002BAD3 /* TabView.swift in Sources */ = {isa = PBXBuildFile; fileRef = B619E0D927CA8E280002BAD3 /* TabView.swift */; };
		B619E0DC27CA8E490002BAD3 /* TabView.xib in Resources */ = {isa = PBXBuildFile; fileRef = B619E0DB27CA8E490002BAD3 /* TabView.xib */; };
		B63F960B27C8F01C00BB69A4 /* AppDelegate.swift in Sources */ = {isa = PBXBuildFile; fileRef = B63F960A27C8F01C00BB69A4 /* AppDelegate.swift */; };
		B63F960D27C8F01C00BB69A4 /* SceneDelegate.swift in Sources */ = {isa = PBXBuildFile; fileRef = B63F960C27C8F01C00BB69A4 /* SceneDelegate.swift */; };
		B63F960F27C8F01C00BB69A4 /* HomeViewController.swift in Sources */ = {isa = PBXBuildFile; fileRef = B63F960E27C8F01C00BB69A4 /* HomeViewController.swift */; };
		B63F961427C8F01D00BB69A4 /* Assets.xcassets in Resources */ = {isa = PBXBuildFile; fileRef = B63F961327C8F01D00BB69A4 /* Assets.xcassets */; };
		B63F961727C8F01D00BB69A4 /* LaunchScreen.storyboard in Resources */ = {isa = PBXBuildFile; fileRef = B63F961527C8F01D00BB69A4 /* LaunchScreen.storyboard */; };
		B63F962227C8F01D00BB69A4 /* CarnivalTests.swift in Sources */ = {isa = PBXBuildFile; fileRef = B63F962127C8F01D00BB69A4 /* CarnivalTests.swift */; };
		B63F962C27C8F01D00BB69A4 /* CarnivalUITests.swift in Sources */ = {isa = PBXBuildFile; fileRef = B63F962B27C8F01D00BB69A4 /* CarnivalUITests.swift */; };
		B63F962E27C8F01D00BB69A4 /* CarnivalUITestsLaunchTests.swift in Sources */ = {isa = PBXBuildFile; fileRef = B63F962D27C8F01D00BB69A4 /* CarnivalUITestsLaunchTests.swift */; };
		B63F964427C8F59800BB69A4 /* HomeViewController.storyboard in Resources */ = {isa = PBXBuildFile; fileRef = B63F964327C8F59800BB69A4 /* HomeViewController.storyboard */; };
		B63F964627C8FAE700BB69A4 /* HomeHeaderView.swift in Sources */ = {isa = PBXBuildFile; fileRef = B63F964527C8FAE700BB69A4 /* HomeHeaderView.swift */; };
		B63F964A27C90D9200BB69A4 /* UIViewController+.swift in Sources */ = {isa = PBXBuildFile; fileRef = B63F964927C90D9200BB69A4 /* UIViewController+.swift */; };
		B63F964D27C90E4E00BB69A4 /* DetailViewController.swift in Sources */ = {isa = PBXBuildFile; fileRef = B63F964C27C90E4E00BB69A4 /* DetailViewController.swift */; };
		B63F964F27C90E5B00BB69A4 /* DetailViewController.storyboard in Resources */ = {isa = PBXBuildFile; fileRef = B63F964E27C90E5B00BB69A4 /* DetailViewController.storyboard */; };
		B63F965127C923F500BB69A4 /* HomeHeaderView.xib in Resources */ = {isa = PBXBuildFile; fileRef = B63F965027C923F500BB69A4 /* HomeHeaderView.xib */; };
		B63F965327C9296C00BB69A4 /* UIView+.swift in Sources */ = {isa = PBXBuildFile; fileRef = B63F965227C9296C00BB69A4 /* UIView+.swift */; };
		B63F965627C929C500BB69A4 /* NibLoadable.swift in Sources */ = {isa = PBXBuildFile; fileRef = B63F965527C929C500BB69A4 /* NibLoadable.swift */; };
		B63F965827C92A5000BB69A4 /* Bundle+.swift in Sources */ = {isa = PBXBuildFile; fileRef = B63F965727C92A5000BB69A4 /* Bundle+.swift */; };
		B63F965A27C92AE400BB69A4 /* NSObject+.swift in Sources */ = {isa = PBXBuildFile; fileRef = B63F965927C92AE400BB69A4 /* NSObject+.swift */; };
		B63F965D27C93ADE00BB69A4 /* ThumbnailTableViewCell.swift in Sources */ = {isa = PBXBuildFile; fileRef = B63F965B27C93ADE00BB69A4 /* ThumbnailTableViewCell.swift */; };
		B63F965E27C93ADE00BB69A4 /* ThumbnailTableViewCell.xib in Resources */ = {isa = PBXBuildFile; fileRef = B63F965C27C93ADE00BB69A4 /* ThumbnailTableViewCell.xib */; };
		B694E7BB27CA90EA00FF23DA /* TabCollectionViewCell.swift in Sources */ = {isa = PBXBuildFile; fileRef = B694E7B927CA90EA00FF23DA /* TabCollectionViewCell.swift */; };
		B694E7BC27CA90EA00FF23DA /* TabCollectionViewCell.xib in Resources */ = {isa = PBXBuildFile; fileRef = B694E7BA27CA90EA00FF23DA /* TabCollectionViewCell.xib */; };
		D31A921B03CE1F35FF9AF6FC /* Pods_Carnival_CarnivalUITests.framework in Frameworks */ = {isa = PBXBuildFile; fileRef = D11F1F767C6C6AED3A26DDE1 /* Pods_Carnival_CarnivalUITests.framework */; };
		F63A063FF53E6345C6B9DC10 /* Pods_CarnivalTests.framework in Frameworks */ = {isa = PBXBuildFile; fileRef = ECE40E6CA979BBB0036B8103 /* Pods_CarnivalTests.framework */; };
/* End PBXBuildFile section */

/* Begin PBXContainerItemProxy section */
		B63F961E27C8F01D00BB69A4 /* PBXContainerItemProxy */ = {
			isa = PBXContainerItemProxy;
			containerPortal = B63F95FF27C8F01C00BB69A4 /* Project object */;
			proxyType = 1;
			remoteGlobalIDString = B63F960627C8F01C00BB69A4;
			remoteInfo = Carnival;
		};
		B63F962827C8F01D00BB69A4 /* PBXContainerItemProxy */ = {
			isa = PBXContainerItemProxy;
			containerPortal = B63F95FF27C8F01C00BB69A4 /* Project object */;
			proxyType = 1;
			remoteGlobalIDString = B63F960627C8F01C00BB69A4;
			remoteInfo = Carnival;
		};
/* End PBXContainerItemProxy section */

/* Begin PBXFileReference section */
		02945B4F5FF6A128343057CE /* Pods-Carnival.debug.xcconfig */ = {isa = PBXFileReference; includeInIndex = 1; lastKnownFileType = text.xcconfig; name = "Pods-Carnival.debug.xcconfig"; path = "Target Support Files/Pods-Carnival/Pods-Carnival.debug.xcconfig"; sourceTree = "<group>"; };
		23059AA7CFD16A4F26A9D742 /* Pods-Carnival.release.xcconfig */ = {isa = PBXFileReference; includeInIndex = 1; lastKnownFileType = text.xcconfig; name = "Pods-Carnival.release.xcconfig"; path = "Target Support Files/Pods-Carnival/Pods-Carnival.release.xcconfig"; sourceTree = "<group>"; };
		47D70703F4C3B7657FFC09D0 /* Pods-CarnivalTests.release.xcconfig */ = {isa = PBXFileReference; includeInIndex = 1; lastKnownFileType = text.xcconfig; name = "Pods-CarnivalTests.release.xcconfig"; path = "Target Support Files/Pods-CarnivalTests/Pods-CarnivalTests.release.xcconfig"; sourceTree = "<group>"; };
		736A144F8AA4A3525A46052C /* Pods-Carnival-CarnivalUITests.debug.xcconfig */ = {isa = PBXFileReference; includeInIndex = 1; lastKnownFileType = text.xcconfig; name = "Pods-Carnival-CarnivalUITests.debug.xcconfig"; path = "Target Support Files/Pods-Carnival-CarnivalUITests/Pods-Carnival-CarnivalUITests.debug.xcconfig"; sourceTree = "<group>"; };
		7D0DF7EB082C4B01CEC4EE2D /* Pods_Carnival.framework */ = {isa = PBXFileReference; explicitFileType = wrapper.framework; includeInIndex = 0; path = Pods_Carnival.framework; sourceTree = BUILT_PRODUCTS_DIR; };
		ACDB057AC30092C05B9FCD13 /* Pods-Carnival-CarnivalUITests.release.xcconfig */ = {isa = PBXFileReference; includeInIndex = 1; lastKnownFileType = text.xcconfig; name = "Pods-Carnival-CarnivalUITests.release.xcconfig"; path = "Target Support Files/Pods-Carnival-CarnivalUITests/Pods-Carnival-CarnivalUITests.release.xcconfig"; sourceTree = "<group>"; };
		B619E0CF27C9B14D0002BAD3 /* TopThumbnailTableViewCell.swift */ = {isa = PBXFileReference; lastKnownFileType = sourcecode.swift; path = TopThumbnailTableViewCell.swift; sourceTree = "<group>"; };
		B619E0D027C9B14D0002BAD3 /* TopThumbnailTableViewCell.xib */ = {isa = PBXFileReference; lastKnownFileType = file.xib; path = TopThumbnailTableViewCell.xib; sourceTree = "<group>"; };
		B619E0D327C9C5F60002BAD3 /* FadeInTabView.swift */ = {isa = PBXFileReference; lastKnownFileType = sourcecode.swift; path = FadeInTabView.swift; sourceTree = "<group>"; };
		B619E0D927CA8E280002BAD3 /* TabView.swift */ = {isa = PBXFileReference; lastKnownFileType = sourcecode.swift; path = TabView.swift; sourceTree = "<group>"; };
		B619E0DB27CA8E490002BAD3 /* TabView.xib */ = {isa = PBXFileReference; lastKnownFileType = file.xib; path = TabView.xib; sourceTree = "<group>"; };
		B63F960727C8F01C00BB69A4 /* Carnival.app */ = {isa = PBXFileReference; explicitFileType = wrapper.application; includeInIndex = 0; path = Carnival.app; sourceTree = BUILT_PRODUCTS_DIR; };
		B63F960A27C8F01C00BB69A4 /* AppDelegate.swift */ = {isa = PBXFileReference; lastKnownFileType = sourcecode.swift; path = AppDelegate.swift; sourceTree = "<group>"; };
		B63F960C27C8F01C00BB69A4 /* SceneDelegate.swift */ = {isa = PBXFileReference; lastKnownFileType = sourcecode.swift; path = SceneDelegate.swift; sourceTree = "<group>"; };
		B63F960E27C8F01C00BB69A4 /* HomeViewController.swift */ = {isa = PBXFileReference; lastKnownFileType = sourcecode.swift; path = HomeViewController.swift; sourceTree = "<group>"; };
		B63F961327C8F01D00BB69A4 /* Assets.xcassets */ = {isa = PBXFileReference; lastKnownFileType = folder.assetcatalog; path = Assets.xcassets; sourceTree = "<group>"; };
		B63F961627C8F01D00BB69A4 /* Base */ = {isa = PBXFileReference; lastKnownFileType = file.storyboard; name = Base; path = Base.lproj/LaunchScreen.storyboard; sourceTree = "<group>"; };
		B63F961827C8F01D00BB69A4 /* Info.plist */ = {isa = PBXFileReference; lastKnownFileType = text.plist.xml; path = Info.plist; sourceTree = "<group>"; };
		B63F961D27C8F01D00BB69A4 /* CarnivalTests.xctest */ = {isa = PBXFileReference; explicitFileType = wrapper.cfbundle; includeInIndex = 0; path = CarnivalTests.xctest; sourceTree = BUILT_PRODUCTS_DIR; };
		B63F962127C8F01D00BB69A4 /* CarnivalTests.swift */ = {isa = PBXFileReference; lastKnownFileType = sourcecode.swift; path = CarnivalTests.swift; sourceTree = "<group>"; };
		B63F962727C8F01D00BB69A4 /* CarnivalUITests.xctest */ = {isa = PBXFileReference; explicitFileType = wrapper.cfbundle; includeInIndex = 0; path = CarnivalUITests.xctest; sourceTree = BUILT_PRODUCTS_DIR; };
		B63F962B27C8F01D00BB69A4 /* CarnivalUITests.swift */ = {isa = PBXFileReference; lastKnownFileType = sourcecode.swift; path = CarnivalUITests.swift; sourceTree = "<group>"; };
		B63F962D27C8F01D00BB69A4 /* CarnivalUITestsLaunchTests.swift */ = {isa = PBXFileReference; lastKnownFileType = sourcecode.swift; path = CarnivalUITestsLaunchTests.swift; sourceTree = "<group>"; };
		B63F964327C8F59800BB69A4 /* HomeViewController.storyboard */ = {isa = PBXFileReference; lastKnownFileType = file.storyboard; path = HomeViewController.storyboard; sourceTree = "<group>"; };
		B63F964527C8FAE700BB69A4 /* HomeHeaderView.swift */ = {isa = PBXFileReference; lastKnownFileType = sourcecode.swift; path = HomeHeaderView.swift; sourceTree = "<group>"; };
		B63F964927C90D9200BB69A4 /* UIViewController+.swift */ = {isa = PBXFileReference; lastKnownFileType = sourcecode.swift; path = "UIViewController+.swift"; sourceTree = "<group>"; };
		B63F964C27C90E4E00BB69A4 /* DetailViewController.swift */ = {isa = PBXFileReference; lastKnownFileType = sourcecode.swift; path = DetailViewController.swift; sourceTree = "<group>"; };
		B63F964E27C90E5B00BB69A4 /* DetailViewController.storyboard */ = {isa = PBXFileReference; lastKnownFileType = file.storyboard; path = DetailViewController.storyboard; sourceTree = "<group>"; };
		B63F965027C923F500BB69A4 /* HomeHeaderView.xib */ = {isa = PBXFileReference; lastKnownFileType = file.xib; path = HomeHeaderView.xib; sourceTree = "<group>"; };
		B63F965227C9296C00BB69A4 /* UIView+.swift */ = {isa = PBXFileReference; lastKnownFileType = sourcecode.swift; path = "UIView+.swift"; sourceTree = "<group>"; };
		B63F965527C929C500BB69A4 /* NibLoadable.swift */ = {isa = PBXFileReference; lastKnownFileType = sourcecode.swift; path = NibLoadable.swift; sourceTree = "<group>"; };
		B63F965727C92A5000BB69A4 /* Bundle+.swift */ = {isa = PBXFileReference; lastKnownFileType = sourcecode.swift; path = "Bundle+.swift"; sourceTree = "<group>"; };
		B63F965927C92AE400BB69A4 /* NSObject+.swift */ = {isa = PBXFileReference; lastKnownFileType = sourcecode.swift; path = "NSObject+.swift"; sourceTree = "<group>"; };
		B63F965B27C93ADE00BB69A4 /* ThumbnailTableViewCell.swift */ = {isa = PBXFileReference; lastKnownFileType = sourcecode.swift; path = ThumbnailTableViewCell.swift; sourceTree = "<group>"; };
		B63F965C27C93ADE00BB69A4 /* ThumbnailTableViewCell.xib */ = {isa = PBXFileReference; lastKnownFileType = file.xib; path = ThumbnailTableViewCell.xib; sourceTree = "<group>"; };
		B694E7B927CA90EA00FF23DA /* TabCollectionViewCell.swift */ = {isa = PBXFileReference; lastKnownFileType = sourcecode.swift; path = TabCollectionViewCell.swift; sourceTree = "<group>"; };
		B694E7BA27CA90EA00FF23DA /* TabCollectionViewCell.xib */ = {isa = PBXFileReference; lastKnownFileType = file.xib; path = TabCollectionViewCell.xib; sourceTree = "<group>"; };
		D11F1F767C6C6AED3A26DDE1 /* Pods_Carnival_CarnivalUITests.framework */ = {isa = PBXFileReference; explicitFileType = wrapper.framework; includeInIndex = 0; path = Pods_Carnival_CarnivalUITests.framework; sourceTree = BUILT_PRODUCTS_DIR; };
		ECE40E6CA979BBB0036B8103 /* Pods_CarnivalTests.framework */ = {isa = PBXFileReference; explicitFileType = wrapper.framework; includeInIndex = 0; path = Pods_CarnivalTests.framework; sourceTree = BUILT_PRODUCTS_DIR; };
		FAE8425347CEECA38964997F /* Pods-CarnivalTests.debug.xcconfig */ = {isa = PBXFileReference; includeInIndex = 1; lastKnownFileType = text.xcconfig; name = "Pods-CarnivalTests.debug.xcconfig"; path = "Target Support Files/Pods-CarnivalTests/Pods-CarnivalTests.debug.xcconfig"; sourceTree = "<group>"; };
/* End PBXFileReference section */

/* Begin PBXFrameworksBuildPhase section */
		B63F960427C8F01C00BB69A4 /* Frameworks */ = {
			isa = PBXFrameworksBuildPhase;
			buildActionMask = 2147483647;
			files = (
				3F1A5A86571B6FF8BF97CAC2 /* Pods_Carnival.framework in Frameworks */,
			);
			runOnlyForDeploymentPostprocessing = 0;
		};
		B63F961A27C8F01D00BB69A4 /* Frameworks */ = {
			isa = PBXFrameworksBuildPhase;
			buildActionMask = 2147483647;
			files = (
				F63A063FF53E6345C6B9DC10 /* Pods_CarnivalTests.framework in Frameworks */,
			);
			runOnlyForDeploymentPostprocessing = 0;
		};
		B63F962427C8F01D00BB69A4 /* Frameworks */ = {
			isa = PBXFrameworksBuildPhase;
			buildActionMask = 2147483647;
			files = (
				D31A921B03CE1F35FF9AF6FC /* Pods_Carnival_CarnivalUITests.framework in Frameworks */,
			);
			runOnlyForDeploymentPostprocessing = 0;
		};
/* End PBXFrameworksBuildPhase section */

/* Begin PBXGroup section */
		1A1A4A9ACA9A48EDEC3ACF78 /* Pods */ = {
			isa = PBXGroup;
			children = (
				02945B4F5FF6A128343057CE /* Pods-Carnival.debug.xcconfig */,
				23059AA7CFD16A4F26A9D742 /* Pods-Carnival.release.xcconfig */,
				736A144F8AA4A3525A46052C /* Pods-Carnival-CarnivalUITests.debug.xcconfig */,
				ACDB057AC30092C05B9FCD13 /* Pods-Carnival-CarnivalUITests.release.xcconfig */,
				FAE8425347CEECA38964997F /* Pods-CarnivalTests.debug.xcconfig */,
				47D70703F4C3B7657FFC09D0 /* Pods-CarnivalTests.release.xcconfig */,
			);
			path = Pods;
			sourceTree = "<group>";
		};
		7236B26F3E787B0002EDED2D /* Frameworks */ = {
			isa = PBXGroup;
			children = (
				7D0DF7EB082C4B01CEC4EE2D /* Pods_Carnival.framework */,
				D11F1F767C6C6AED3A26DDE1 /* Pods_Carnival_CarnivalUITests.framework */,
				ECE40E6CA979BBB0036B8103 /* Pods_CarnivalTests.framework */,
			);
			name = Frameworks;
			sourceTree = "<group>";
		};
		B619E0CD27C9AFDE0002BAD3 /* Views */ = {
			isa = PBXGroup;
			children = (
				B619E0CE27C9AFEE0002BAD3 /* Components */,
				B63F964327C8F59800BB69A4 /* HomeViewController.storyboard */,
				B63F960E27C8F01C00BB69A4 /* HomeViewController.swift */,
			);
			path = Views;
			sourceTree = "<group>";
		};
		B619E0CE27C9AFEE0002BAD3 /* Components */ = {
			isa = PBXGroup;
			children = (
				B694E7BF27CAA50E00FF23DA /* Cell */,
				B694E7BE27CAA50200FF23DA /* HomeHeaderView */,
				B694E7BD27CAA4ED00FF23DA /* TabView */,
			);
			path = Components;
			sourceTree = "<group>";
		};
		B63F95FE27C8F01C00BB69A4 = {
			isa = PBXGroup;
			children = (
				B63F960927C8F01C00BB69A4 /* Carnival */,
				B63F962027C8F01D00BB69A4 /* CarnivalTests */,
				B63F962A27C8F01D00BB69A4 /* CarnivalUITests */,
				B63F960827C8F01C00BB69A4 /* Products */,
				1A1A4A9ACA9A48EDEC3ACF78 /* Pods */,
				7236B26F3E787B0002EDED2D /* Frameworks */,
			);
			sourceTree = "<group>";
		};
		B63F960827C8F01C00BB69A4 /* Products */ = {
			isa = PBXGroup;
			children = (
				B63F960727C8F01C00BB69A4 /* Carnival.app */,
				B63F961D27C8F01D00BB69A4 /* CarnivalTests.xctest */,
				B63F962727C8F01D00BB69A4 /* CarnivalUITests.xctest */,
			);
			name = Products;
			sourceTree = "<group>";
		};
		B63F960927C8F01C00BB69A4 /* Carnival */ = {
			isa = PBXGroup;
			children = (
				B63F963E27C8F49800BB69A4 /* Application */,
				B63F964027C8F50700BB69A4 /* Presentation */,
				B63F963F27C8F4D900BB69A4 /* Resources */,
			);
			path = Carnival;
			sourceTree = "<group>";
		};
		B63F962027C8F01D00BB69A4 /* CarnivalTests */ = {
			isa = PBXGroup;
			children = (
				B63F962127C8F01D00BB69A4 /* CarnivalTests.swift */,
			);
			path = CarnivalTests;
			sourceTree = "<group>";
		};
		B63F962A27C8F01D00BB69A4 /* CarnivalUITests */ = {
			isa = PBXGroup;
			children = (
				B63F962B27C8F01D00BB69A4 /* CarnivalUITests.swift */,
				B63F962D27C8F01D00BB69A4 /* CarnivalUITestsLaunchTests.swift */,
			);
			path = CarnivalUITests;
			sourceTree = "<group>";
		};
		B63F963E27C8F49800BB69A4 /* Application */ = {
			isa = PBXGroup;
			children = (
				B63F960A27C8F01C00BB69A4 /* AppDelegate.swift */,
				B63F960C27C8F01C00BB69A4 /* SceneDelegate.swift */,
				B63F961527C8F01D00BB69A4 /* LaunchScreen.storyboard */,
				B63F961827C8F01D00BB69A4 /* Info.plist */,
			);
			path = Application;
			sourceTree = "<group>";
		};
		B63F963F27C8F4D900BB69A4 /* Resources */ = {
			isa = PBXGroup;
			children = (
				B63F961327C8F01D00BB69A4 /* Assets.xcassets */,
			);
			path = Resources;
			sourceTree = "<group>";
		};
		B63F964027C8F50700BB69A4 /* Presentation */ = {
			isa = PBXGroup;
			children = (
				B63F964727C90D6700BB69A4 /* Utilities */,
				B63F964127C8F51600BB69A4 /* Screens */,
			);
			path = Presentation;
			sourceTree = "<group>";
		};
		B63F964127C8F51600BB69A4 /* Screens */ = {
			isa = PBXGroup;
			children = (
				B63F964B27C90E2200BB69A4 /* Detail */,
				B63F964227C8F55400BB69A4 /* Home */,
			);
			path = Screens;
			sourceTree = "<group>";
		};
		B63F964227C8F55400BB69A4 /* Home */ = {
			isa = PBXGroup;
			children = (
				B619E0CD27C9AFDE0002BAD3 /* Views */,
			);
			path = Home;
			sourceTree = "<group>";
		};
		B63F964727C90D6700BB69A4 /* Utilities */ = {
			isa = PBXGroup;
			children = (
				B63F964827C90D7E00BB69A4 /* Extension */,
				B63F965427C929A900BB69A4 /* Protocol */,
			);
			path = Utilities;
			sourceTree = "<group>";
		};
		B63F964827C90D7E00BB69A4 /* Extension */ = {
			isa = PBXGroup;
			children = (
				B63F965727C92A5000BB69A4 /* Bundle+.swift */,
				B63F965927C92AE400BB69A4 /* NSObject+.swift */,
				B63F965227C9296C00BB69A4 /* UIView+.swift */,
				B63F964927C90D9200BB69A4 /* UIViewController+.swift */,
			);
			path = Extension;
			sourceTree = "<group>";
		};
		B63F964B27C90E2200BB69A4 /* Detail */ = {
			isa = PBXGroup;
			children = (
				B63F964E27C90E5B00BB69A4 /* DetailViewController.storyboard */,
				B63F964C27C90E4E00BB69A4 /* DetailViewController.swift */,
			);
			path = Detail;
			sourceTree = "<group>";
		};
		B63F965427C929A900BB69A4 /* Protocol */ = {
			isa = PBXGroup;
			children = (
				B63F965527C929C500BB69A4 /* NibLoadable.swift */,
				B619E0D327C9C5F60002BAD3 /* FadeInTabView.swift */,
			);
			path = Protocol;
			sourceTree = "<group>";
		};
		B694E7BD27CAA4ED00FF23DA /* TabView */ = {
			isa = PBXGroup;
			children = (
				B694E7B927CA90EA00FF23DA /* TabCollectionViewCell.swift */,
				B694E7BA27CA90EA00FF23DA /* TabCollectionViewCell.xib */,
				B619E0D927CA8E280002BAD3 /* TabView.swift */,
				B619E0DB27CA8E490002BAD3 /* TabView.xib */,
			);
			path = TabView;
			sourceTree = "<group>";
		};
		B694E7BE27CAA50200FF23DA /* HomeHeaderView */ = {
			isa = PBXGroup;
			children = (
				B63F964527C8FAE700BB69A4 /* HomeHeaderView.swift */,
				B63F965027C923F500BB69A4 /* HomeHeaderView.xib */,
			);
			path = HomeHeaderView;
			sourceTree = "<group>";
		};
		B694E7BF27CAA50E00FF23DA /* Cell */ = {
			isa = PBXGroup;
			children = (
				B694E7C127CAA52500FF23DA /* TopThumbnailTableViewCell */,
				B694E7C027CAA51A00FF23DA /* ThumbnailTableViewCell */,
			);
			path = Cell;
			sourceTree = "<group>";
		};
		B694E7C027CAA51A00FF23DA /* ThumbnailTableViewCell */ = {
			isa = PBXGroup;
			children = (
				B63F965B27C93ADE00BB69A4 /* ThumbnailTableViewCell.swift */,
				B63F965C27C93ADE00BB69A4 /* ThumbnailTableViewCell.xib */,
			);
			path = ThumbnailTableViewCell;
			sourceTree = "<group>";
		};
		B694E7C127CAA52500FF23DA /* TopThumbnailTableViewCell */ = {
			isa = PBXGroup;
			children = (
				B619E0CF27C9B14D0002BAD3 /* TopThumbnailTableViewCell.swift */,
				B619E0D027C9B14D0002BAD3 /* TopThumbnailTableViewCell.xib */,
			);
			path = TopThumbnailTableViewCell;
			sourceTree = "<group>";
		};
/* End PBXGroup section */

/* Begin PBXNativeTarget section */
		B63F960627C8F01C00BB69A4 /* Carnival */ = {
			isa = PBXNativeTarget;
			buildConfigurationList = B63F963127C8F01D00BB69A4 /* Build configuration list for PBXNativeTarget "Carnival" */;
			buildPhases = (
				126A9786359C48153AF0C930 /* [CP] Check Pods Manifest.lock */,
				B63F960327C8F01C00BB69A4 /* Sources */,
				B63F960427C8F01C00BB69A4 /* Frameworks */,
				B63F960527C8F01C00BB69A4 /* Resources */,
				68DE29008AEB0826172A03CC /* [CP] Embed Pods Frameworks */,
			);
			buildRules = (
			);
			dependencies = (
			);
			name = Carnival;
			productName = Carnival;
			productReference = B63F960727C8F01C00BB69A4 /* Carnival.app */;
			productType = "com.apple.product-type.application";
		};
		B63F961C27C8F01D00BB69A4 /* CarnivalTests */ = {
			isa = PBXNativeTarget;
			buildConfigurationList = B63F963427C8F01D00BB69A4 /* Build configuration list for PBXNativeTarget "CarnivalTests" */;
			buildPhases = (
				4653CBE33A43945BC7B90C60 /* [CP] Check Pods Manifest.lock */,
				B63F961927C8F01D00BB69A4 /* Sources */,
				B63F961A27C8F01D00BB69A4 /* Frameworks */,
				B63F961B27C8F01D00BB69A4 /* Resources */,
			);
			buildRules = (
			);
			dependencies = (
				B63F961F27C8F01D00BB69A4 /* PBXTargetDependency */,
			);
			name = CarnivalTests;
			productName = CarnivalTests;
			productReference = B63F961D27C8F01D00BB69A4 /* CarnivalTests.xctest */;
			productType = "com.apple.product-type.bundle.unit-test";
		};
		B63F962627C8F01D00BB69A4 /* CarnivalUITests */ = {
			isa = PBXNativeTarget;
			buildConfigurationList = B63F963727C8F01D00BB69A4 /* Build configuration list for PBXNativeTarget "CarnivalUITests" */;
			buildPhases = (
				5025DDDAD26A24BF80A07B32 /* [CP] Check Pods Manifest.lock */,
				B63F962327C8F01D00BB69A4 /* Sources */,
				B63F962427C8F01D00BB69A4 /* Frameworks */,
				B63F962527C8F01D00BB69A4 /* Resources */,
				6E43BB0BAFA52C8B956A181D /* [CP] Embed Pods Frameworks */,
			);
			buildRules = (
			);
			dependencies = (
				B63F962927C8F01D00BB69A4 /* PBXTargetDependency */,
			);
			name = CarnivalUITests;
			productName = CarnivalUITests;
			productReference = B63F962727C8F01D00BB69A4 /* CarnivalUITests.xctest */;
			productType = "com.apple.product-type.bundle.ui-testing";
		};
/* End PBXNativeTarget section */

/* Begin PBXProject section */
		B63F95FF27C8F01C00BB69A4 /* Project object */ = {
			isa = PBXProject;
			attributes = {
				BuildIndependentTargetsInParallel = 1;
				LastSwiftUpdateCheck = 1320;
				LastUpgradeCheck = 1320;
				TargetAttributes = {
					B63F960627C8F01C00BB69A4 = {
						CreatedOnToolsVersion = 13.2.1;
					};
					B63F961C27C8F01D00BB69A4 = {
						CreatedOnToolsVersion = 13.2.1;
						TestTargetID = B63F960627C8F01C00BB69A4;
					};
					B63F962627C8F01D00BB69A4 = {
						CreatedOnToolsVersion = 13.2.1;
						TestTargetID = B63F960627C8F01C00BB69A4;
					};
				};
			};
			buildConfigurationList = B63F960227C8F01C00BB69A4 /* Build configuration list for PBXProject "Carnival" */;
			compatibilityVersion = "Xcode 13.0";
			developmentRegion = en;
			hasScannedForEncodings = 0;
			knownRegions = (
				en,
				Base,
			);
			mainGroup = B63F95FE27C8F01C00BB69A4;
			productRefGroup = B63F960827C8F01C00BB69A4 /* Products */;
			projectDirPath = "";
			projectRoot = "";
			targets = (
				B63F960627C8F01C00BB69A4 /* Carnival */,
				B63F961C27C8F01D00BB69A4 /* CarnivalTests */,
				B63F962627C8F01D00BB69A4 /* CarnivalUITests */,
			);
		};
/* End PBXProject section */

/* Begin PBXResourcesBuildPhase section */
		B63F960527C8F01C00BB69A4 /* Resources */ = {
			isa = PBXResourcesBuildPhase;
			buildActionMask = 2147483647;
			files = (
				B63F964F27C90E5B00BB69A4 /* DetailViewController.storyboard in Resources */,
				B63F965127C923F500BB69A4 /* HomeHeaderView.xib in Resources */,
				B63F965E27C93ADE00BB69A4 /* ThumbnailTableViewCell.xib in Resources */,
				B694E7BC27CA90EA00FF23DA /* TabCollectionViewCell.xib in Resources */,
				B619E0D227C9B14D0002BAD3 /* TopThumbnailTableViewCell.xib in Resources */,
				B63F961727C8F01D00BB69A4 /* LaunchScreen.storyboard in Resources */,
				B63F961427C8F01D00BB69A4 /* Assets.xcassets in Resources */,
				B619E0DC27CA8E490002BAD3 /* TabView.xib in Resources */,
				B63F964427C8F59800BB69A4 /* HomeViewController.storyboard in Resources */,
			);
			runOnlyForDeploymentPostprocessing = 0;
		};
		B63F961B27C8F01D00BB69A4 /* Resources */ = {
			isa = PBXResourcesBuildPhase;
			buildActionMask = 2147483647;
			files = (
			);
			runOnlyForDeploymentPostprocessing = 0;
		};
		B63F962527C8F01D00BB69A4 /* Resources */ = {
			isa = PBXResourcesBuildPhase;
			buildActionMask = 2147483647;
			files = (
			);
			runOnlyForDeploymentPostprocessing = 0;
		};
/* End PBXResourcesBuildPhase section */

/* Begin PBXShellScriptBuildPhase section */
		126A9786359C48153AF0C930 /* [CP] Check Pods Manifest.lock */ = {
			isa = PBXShellScriptBuildPhase;
			buildActionMask = 2147483647;
			files = (
			);
			inputFileListPaths = (
			);
			inputPaths = (
				"${PODS_PODFILE_DIR_PATH}/Podfile.lock",
				"${PODS_ROOT}/Manifest.lock",
			);
			name = "[CP] Check Pods Manifest.lock";
			outputFileListPaths = (
			);
			outputPaths = (
				"$(DERIVED_FILE_DIR)/Pods-Carnival-checkManifestLockResult.txt",
			);
			runOnlyForDeploymentPostprocessing = 0;
			shellPath = /bin/sh;
			shellScript = "diff \"${PODS_PODFILE_DIR_PATH}/Podfile.lock\" \"${PODS_ROOT}/Manifest.lock\" > /dev/null\nif [ $? != 0 ] ; then\n    # print error to STDERR\n    echo \"error: The sandbox is not in sync with the Podfile.lock. Run 'pod install' or update your CocoaPods installation.\" >&2\n    exit 1\nfi\n# This output is used by Xcode 'outputs' to avoid re-running this script phase.\necho \"SUCCESS\" > \"${SCRIPT_OUTPUT_FILE_0}\"\n";
			showEnvVarsInLog = 0;
		};
		4653CBE33A43945BC7B90C60 /* [CP] Check Pods Manifest.lock */ = {
			isa = PBXShellScriptBuildPhase;
			buildActionMask = 2147483647;
			files = (
			);
			inputFileListPaths = (
			);
			inputPaths = (
				"${PODS_PODFILE_DIR_PATH}/Podfile.lock",
				"${PODS_ROOT}/Manifest.lock",
			);
			name = "[CP] Check Pods Manifest.lock";
			outputFileListPaths = (
			);
			outputPaths = (
				"$(DERIVED_FILE_DIR)/Pods-CarnivalTests-checkManifestLockResult.txt",
			);
			runOnlyForDeploymentPostprocessing = 0;
			shellPath = /bin/sh;
			shellScript = "diff \"${PODS_PODFILE_DIR_PATH}/Podfile.lock\" \"${PODS_ROOT}/Manifest.lock\" > /dev/null\nif [ $? != 0 ] ; then\n    # print error to STDERR\n    echo \"error: The sandbox is not in sync with the Podfile.lock. Run 'pod install' or update your CocoaPods installation.\" >&2\n    exit 1\nfi\n# This output is used by Xcode 'outputs' to avoid re-running this script phase.\necho \"SUCCESS\" > \"${SCRIPT_OUTPUT_FILE_0}\"\n";
			showEnvVarsInLog = 0;
		};
		5025DDDAD26A24BF80A07B32 /* [CP] Check Pods Manifest.lock */ = {
			isa = PBXShellScriptBuildPhase;
			buildActionMask = 2147483647;
			files = (
			);
			inputFileListPaths = (
			);
			inputPaths = (
				"${PODS_PODFILE_DIR_PATH}/Podfile.lock",
				"${PODS_ROOT}/Manifest.lock",
			);
			name = "[CP] Check Pods Manifest.lock";
			outputFileListPaths = (
			);
			outputPaths = (
				"$(DERIVED_FILE_DIR)/Pods-Carnival-CarnivalUITests-checkManifestLockResult.txt",
			);
			runOnlyForDeploymentPostprocessing = 0;
			shellPath = /bin/sh;
			shellScript = "diff \"${PODS_PODFILE_DIR_PATH}/Podfile.lock\" \"${PODS_ROOT}/Manifest.lock\" > /dev/null\nif [ $? != 0 ] ; then\n    # print error to STDERR\n    echo \"error: The sandbox is not in sync with the Podfile.lock. Run 'pod install' or update your CocoaPods installation.\" >&2\n    exit 1\nfi\n# This output is used by Xcode 'outputs' to avoid re-running this script phase.\necho \"SUCCESS\" > \"${SCRIPT_OUTPUT_FILE_0}\"\n";
			showEnvVarsInLog = 0;
		};
		68DE29008AEB0826172A03CC /* [CP] Embed Pods Frameworks */ = {
			isa = PBXShellScriptBuildPhase;
			buildActionMask = 2147483647;
			files = (
			);
			inputFileListPaths = (
				"${PODS_ROOT}/Target Support Files/Pods-Carnival/Pods-Carnival-frameworks-${CONFIGURATION}-input-files.xcfilelist",
			);
			name = "[CP] Embed Pods Frameworks";
			outputFileListPaths = (
				"${PODS_ROOT}/Target Support Files/Pods-Carnival/Pods-Carnival-frameworks-${CONFIGURATION}-output-files.xcfilelist",
			);
			runOnlyForDeploymentPostprocessing = 0;
			shellPath = /bin/sh;
			shellScript = "\"${PODS_ROOT}/Target Support Files/Pods-Carnival/Pods-Carnival-frameworks.sh\"\n";
			showEnvVarsInLog = 0;
		};
		6E43BB0BAFA52C8B956A181D /* [CP] Embed Pods Frameworks */ = {
			isa = PBXShellScriptBuildPhase;
			buildActionMask = 2147483647;
			files = (
			);
			inputFileListPaths = (
				"${PODS_ROOT}/Target Support Files/Pods-Carnival-CarnivalUITests/Pods-Carnival-CarnivalUITests-frameworks-${CONFIGURATION}-input-files.xcfilelist",
			);
			name = "[CP] Embed Pods Frameworks";
			outputFileListPaths = (
				"${PODS_ROOT}/Target Support Files/Pods-Carnival-CarnivalUITests/Pods-Carnival-CarnivalUITests-frameworks-${CONFIGURATION}-output-files.xcfilelist",
			);
			runOnlyForDeploymentPostprocessing = 0;
			shellPath = /bin/sh;
			shellScript = "\"${PODS_ROOT}/Target Support Files/Pods-Carnival-CarnivalUITests/Pods-Carnival-CarnivalUITests-frameworks.sh\"\n";
			showEnvVarsInLog = 0;
		};
/* End PBXShellScriptBuildPhase section */

/* Begin PBXSourcesBuildPhase section */
		B63F960327C8F01C00BB69A4 /* Sources */ = {
			isa = PBXSourcesBuildPhase;
			buildActionMask = 2147483647;
			files = (
				B619E0D127C9B14D0002BAD3 /* TopThumbnailTableViewCell.swift in Sources */,
				B63F964627C8FAE700BB69A4 /* HomeHeaderView.swift in Sources */,
				B694E7BB27CA90EA00FF23DA /* TabCollectionViewCell.swift in Sources */,
				B63F965627C929C500BB69A4 /* NibLoadable.swift in Sources */,
				B63F960F27C8F01C00BB69A4 /* HomeViewController.swift in Sources */,
				B619E0DA27CA8E280002BAD3 /* TabView.swift in Sources */,
				B63F965327C9296C00BB69A4 /* UIView+.swift in Sources */,
				B619E0D427C9C5F60002BAD3 /* FadeInTabView.swift in Sources */,
				B63F964A27C90D9200BB69A4 /* UIViewController+.swift in Sources */,
				B63F965A27C92AE400BB69A4 /* NSObject+.swift in Sources */,
				B63F964D27C90E4E00BB69A4 /* DetailViewController.swift in Sources */,
				B63F965827C92A5000BB69A4 /* Bundle+.swift in Sources */,
				B63F960B27C8F01C00BB69A4 /* AppDelegate.swift in Sources */,
				B63F965D27C93ADE00BB69A4 /* ThumbnailTableViewCell.swift in Sources */,
				B63F960D27C8F01C00BB69A4 /* SceneDelegate.swift in Sources */,
			);
			runOnlyForDeploymentPostprocessing = 0;
		};
		B63F961927C8F01D00BB69A4 /* Sources */ = {
			isa = PBXSourcesBuildPhase;
			buildActionMask = 2147483647;
			files = (
				B63F962227C8F01D00BB69A4 /* CarnivalTests.swift in Sources */,
			);
			runOnlyForDeploymentPostprocessing = 0;
		};
		B63F962327C8F01D00BB69A4 /* Sources */ = {
			isa = PBXSourcesBuildPhase;
			buildActionMask = 2147483647;
			files = (
				B63F962E27C8F01D00BB69A4 /* CarnivalUITestsLaunchTests.swift in Sources */,
				B63F962C27C8F01D00BB69A4 /* CarnivalUITests.swift in Sources */,
			);
			runOnlyForDeploymentPostprocessing = 0;
		};
/* End PBXSourcesBuildPhase section */

/* Begin PBXTargetDependency section */
		B63F961F27C8F01D00BB69A4 /* PBXTargetDependency */ = {
			isa = PBXTargetDependency;
			target = B63F960627C8F01C00BB69A4 /* Carnival */;
			targetProxy = B63F961E27C8F01D00BB69A4 /* PBXContainerItemProxy */;
		};
		B63F962927C8F01D00BB69A4 /* PBXTargetDependency */ = {
			isa = PBXTargetDependency;
			target = B63F960627C8F01C00BB69A4 /* Carnival */;
			targetProxy = B63F962827C8F01D00BB69A4 /* PBXContainerItemProxy */;
		};
/* End PBXTargetDependency section */

/* Begin PBXVariantGroup section */
		B63F961527C8F01D00BB69A4 /* LaunchScreen.storyboard */ = {
			isa = PBXVariantGroup;
			children = (
				B63F961627C8F01D00BB69A4 /* Base */,
			);
			name = LaunchScreen.storyboard;
			sourceTree = "<group>";
		};
/* End PBXVariantGroup section */

/* Begin XCBuildConfiguration section */
		B63F962F27C8F01D00BB69A4 /* Debug */ = {
			isa = XCBuildConfiguration;
			buildSettings = {
				ALWAYS_SEARCH_USER_PATHS = NO;
				CLANG_ANALYZER_NONNULL = YES;
				CLANG_ANALYZER_NUMBER_OBJECT_CONVERSION = YES_AGGRESSIVE;
				CLANG_CXX_LANGUAGE_STANDARD = "gnu++17";
				CLANG_CXX_LIBRARY = "libc++";
				CLANG_ENABLE_MODULES = YES;
				CLANG_ENABLE_OBJC_ARC = YES;
				CLANG_ENABLE_OBJC_WEAK = YES;
				CLANG_WARN_BLOCK_CAPTURE_AUTORELEASING = YES;
				CLANG_WARN_BOOL_CONVERSION = YES;
				CLANG_WARN_COMMA = YES;
				CLANG_WARN_CONSTANT_CONVERSION = YES;
				CLANG_WARN_DEPRECATED_OBJC_IMPLEMENTATIONS = YES;
				CLANG_WARN_DIRECT_OBJC_ISA_USAGE = YES_ERROR;
				CLANG_WARN_DOCUMENTATION_COMMENTS = YES;
				CLANG_WARN_EMPTY_BODY = YES;
				CLANG_WARN_ENUM_CONVERSION = YES;
				CLANG_WARN_INFINITE_RECURSION = YES;
				CLANG_WARN_INT_CONVERSION = YES;
				CLANG_WARN_NON_LITERAL_NULL_CONVERSION = YES;
				CLANG_WARN_OBJC_IMPLICIT_RETAIN_SELF = YES;
				CLANG_WARN_OBJC_LITERAL_CONVERSION = YES;
				CLANG_WARN_OBJC_ROOT_CLASS = YES_ERROR;
				CLANG_WARN_QUOTED_INCLUDE_IN_FRAMEWORK_HEADER = YES;
				CLANG_WARN_RANGE_LOOP_ANALYSIS = YES;
				CLANG_WARN_STRICT_PROTOTYPES = YES;
				CLANG_WARN_SUSPICIOUS_MOVE = YES;
				CLANG_WARN_UNGUARDED_AVAILABILITY = YES_AGGRESSIVE;
				CLANG_WARN_UNREACHABLE_CODE = YES;
				CLANG_WARN__DUPLICATE_METHOD_MATCH = YES;
				COPY_PHASE_STRIP = NO;
				DEBUG_INFORMATION_FORMAT = dwarf;
				ENABLE_STRICT_OBJC_MSGSEND = YES;
				ENABLE_TESTABILITY = YES;
				GCC_C_LANGUAGE_STANDARD = gnu11;
				GCC_DYNAMIC_NO_PIC = NO;
				GCC_NO_COMMON_BLOCKS = YES;
				GCC_OPTIMIZATION_LEVEL = 0;
				GCC_PREPROCESSOR_DEFINITIONS = (
					"DEBUG=1",
					"$(inherited)",
				);
				GCC_WARN_64_TO_32_BIT_CONVERSION = YES;
				GCC_WARN_ABOUT_RETURN_TYPE = YES_ERROR;
				GCC_WARN_UNDECLARED_SELECTOR = YES;
				GCC_WARN_UNINITIALIZED_AUTOS = YES_AGGRESSIVE;
				GCC_WARN_UNUSED_FUNCTION = YES;
				GCC_WARN_UNUSED_VARIABLE = YES;
				IPHONEOS_DEPLOYMENT_TARGET = 15.2;
				MTL_ENABLE_DEBUG_INFO = INCLUDE_SOURCE;
				MTL_FAST_MATH = YES;
				ONLY_ACTIVE_ARCH = YES;
				SDKROOT = iphoneos;
				SWIFT_ACTIVE_COMPILATION_CONDITIONS = DEBUG;
				SWIFT_OPTIMIZATION_LEVEL = "-Onone";
			};
			name = Debug;
		};
		B63F963027C8F01D00BB69A4 /* Release */ = {
			isa = XCBuildConfiguration;
			buildSettings = {
				ALWAYS_SEARCH_USER_PATHS = NO;
				CLANG_ANALYZER_NONNULL = YES;
				CLANG_ANALYZER_NUMBER_OBJECT_CONVERSION = YES_AGGRESSIVE;
				CLANG_CXX_LANGUAGE_STANDARD = "gnu++17";
				CLANG_CXX_LIBRARY = "libc++";
				CLANG_ENABLE_MODULES = YES;
				CLANG_ENABLE_OBJC_ARC = YES;
				CLANG_ENABLE_OBJC_WEAK = YES;
				CLANG_WARN_BLOCK_CAPTURE_AUTORELEASING = YES;
				CLANG_WARN_BOOL_CONVERSION = YES;
				CLANG_WARN_COMMA = YES;
				CLANG_WARN_CONSTANT_CONVERSION = YES;
				CLANG_WARN_DEPRECATED_OBJC_IMPLEMENTATIONS = YES;
				CLANG_WARN_DIRECT_OBJC_ISA_USAGE = YES_ERROR;
				CLANG_WARN_DOCUMENTATION_COMMENTS = YES;
				CLANG_WARN_EMPTY_BODY = YES;
				CLANG_WARN_ENUM_CONVERSION = YES;
				CLANG_WARN_INFINITE_RECURSION = YES;
				CLANG_WARN_INT_CONVERSION = YES;
				CLANG_WARN_NON_LITERAL_NULL_CONVERSION = YES;
				CLANG_WARN_OBJC_IMPLICIT_RETAIN_SELF = YES;
				CLANG_WARN_OBJC_LITERAL_CONVERSION = YES;
				CLANG_WARN_OBJC_ROOT_CLASS = YES_ERROR;
				CLANG_WARN_QUOTED_INCLUDE_IN_FRAMEWORK_HEADER = YES;
				CLANG_WARN_RANGE_LOOP_ANALYSIS = YES;
				CLANG_WARN_STRICT_PROTOTYPES = YES;
				CLANG_WARN_SUSPICIOUS_MOVE = YES;
				CLANG_WARN_UNGUARDED_AVAILABILITY = YES_AGGRESSIVE;
				CLANG_WARN_UNREACHABLE_CODE = YES;
				CLANG_WARN__DUPLICATE_METHOD_MATCH = YES;
				COPY_PHASE_STRIP = NO;
				DEBUG_INFORMATION_FORMAT = "dwarf-with-dsym";
				ENABLE_NS_ASSERTIONS = NO;
				ENABLE_STRICT_OBJC_MSGSEND = YES;
				GCC_C_LANGUAGE_STANDARD = gnu11;
				GCC_NO_COMMON_BLOCKS = YES;
				GCC_WARN_64_TO_32_BIT_CONVERSION = YES;
				GCC_WARN_ABOUT_RETURN_TYPE = YES_ERROR;
				GCC_WARN_UNDECLARED_SELECTOR = YES;
				GCC_WARN_UNINITIALIZED_AUTOS = YES_AGGRESSIVE;
				GCC_WARN_UNUSED_FUNCTION = YES;
				GCC_WARN_UNUSED_VARIABLE = YES;
				IPHONEOS_DEPLOYMENT_TARGET = 15.2;
				MTL_ENABLE_DEBUG_INFO = NO;
				MTL_FAST_MATH = YES;
				SDKROOT = iphoneos;
				SWIFT_COMPILATION_MODE = wholemodule;
				SWIFT_OPTIMIZATION_LEVEL = "-O";
				VALIDATE_PRODUCT = YES;
			};
			name = Release;
		};
		B63F963227C8F01D00BB69A4 /* Debug */ = {
			isa = XCBuildConfiguration;
			baseConfigurationReference = 02945B4F5FF6A128343057CE /* Pods-Carnival.debug.xcconfig */;
			buildSettings = {
				ASSETCATALOG_COMPILER_APPICON_NAME = AppIcon;
				ASSETCATALOG_COMPILER_GLOBAL_ACCENT_COLOR_NAME = AccentColor;
				CODE_SIGN_STYLE = Automatic;
				CURRENT_PROJECT_VERSION = 1;
				DEVELOPMENT_TEAM = B8PR34D6DP;
				GENERATE_INFOPLIST_FILE = YES;
				INFOPLIST_FILE = Carnival/Application/Info.plist;
				INFOPLIST_KEY_UIApplicationSupportsIndirectInputEvents = YES;
				INFOPLIST_KEY_UILaunchStoryboardName = LaunchScreen;
				INFOPLIST_KEY_UISupportedInterfaceOrientations_iPad = "UIInterfaceOrientationPortrait UIInterfaceOrientationPortraitUpsideDown UIInterfaceOrientationLandscapeLeft UIInterfaceOrientationLandscapeRight";
				INFOPLIST_KEY_UISupportedInterfaceOrientations_iPhone = "UIInterfaceOrientationPortrait UIInterfaceOrientationLandscapeLeft UIInterfaceOrientationLandscapeRight";
				IPHONEOS_DEPLOYMENT_TARGET = 13.0;
				LD_RUNPATH_SEARCH_PATHS = (
					"$(inherited)",
					"@executable_path/Frameworks",
				);
				MARKETING_VERSION = 1.0;
				PRODUCT_BUNDLE_IDENTIFIER = jp.yuoku.Carnival;
				PRODUCT_NAME = "$(TARGET_NAME)";
				SWIFT_EMIT_LOC_STRINGS = YES;
				SWIFT_VERSION = 5.0;
				TARGETED_DEVICE_FAMILY = "1,2";
			};
			name = Debug;
		};
		B63F963327C8F01D00BB69A4 /* Release */ = {
			isa = XCBuildConfiguration;
			baseConfigurationReference = 23059AA7CFD16A4F26A9D742 /* Pods-Carnival.release.xcconfig */;
			buildSettings = {
				ASSETCATALOG_COMPILER_APPICON_NAME = AppIcon;
				ASSETCATALOG_COMPILER_GLOBAL_ACCENT_COLOR_NAME = AccentColor;
				CODE_SIGN_STYLE = Automatic;
				CURRENT_PROJECT_VERSION = 1;
				DEVELOPMENT_TEAM = B8PR34D6DP;
				GENERATE_INFOPLIST_FILE = YES;
				INFOPLIST_FILE = Carnival/Application/Info.plist;
				INFOPLIST_KEY_UIApplicationSupportsIndirectInputEvents = YES;
				INFOPLIST_KEY_UILaunchStoryboardName = LaunchScreen;
				INFOPLIST_KEY_UISupportedInterfaceOrientations_iPad = "UIInterfaceOrientationPortrait UIInterfaceOrientationPortraitUpsideDown UIInterfaceOrientationLandscapeLeft UIInterfaceOrientationLandscapeRight";
				INFOPLIST_KEY_UISupportedInterfaceOrientations_iPhone = "UIInterfaceOrientationPortrait UIInterfaceOrientationLandscapeLeft UIInterfaceOrientationLandscapeRight";
				IPHONEOS_DEPLOYMENT_TARGET = 13.0;
				LD_RUNPATH_SEARCH_PATHS = (
					"$(inherited)",
					"@executable_path/Frameworks",
				);
				MARKETING_VERSION = 1.0;
				PRODUCT_BUNDLE_IDENTIFIER = jp.yuoku.Carnival;
				PRODUCT_NAME = "$(TARGET_NAME)";
				SWIFT_EMIT_LOC_STRINGS = YES;
				SWIFT_VERSION = 5.0;
				TARGETED_DEVICE_FAMILY = "1,2";
			};
			name = Release;
		};
		B63F963527C8F01D00BB69A4 /* Debug */ = {
			isa = XCBuildConfiguration;
			baseConfigurationReference = FAE8425347CEECA38964997F /* Pods-CarnivalTests.debug.xcconfig */;
			buildSettings = {
				ALWAYS_EMBED_SWIFT_STANDARD_LIBRARIES = YES;
				BUNDLE_LOADER = "$(TEST_HOST)";
				CODE_SIGN_STYLE = Automatic;
				CURRENT_PROJECT_VERSION = 1;
				DEVELOPMENT_TEAM = B8PR34D6DP;
				GENERATE_INFOPLIST_FILE = YES;
				IPHONEOS_DEPLOYMENT_TARGET = 15.2;
				MARKETING_VERSION = 1.0;
				PRODUCT_BUNDLE_IDENTIFIER = jp.yuoku.CarnivalTests;
				PRODUCT_NAME = "$(TARGET_NAME)";
				SWIFT_EMIT_LOC_STRINGS = NO;
				SWIFT_VERSION = 5.0;
				TARGETED_DEVICE_FAMILY = "1,2";
				TEST_HOST = "$(BUILT_PRODUCTS_DIR)/Carnival.app/Carnival";
			};
			name = Debug;
		};
		B63F963627C8F01D00BB69A4 /* Release */ = {
			isa = XCBuildConfiguration;
			baseConfigurationReference = 47D70703F4C3B7657FFC09D0 /* Pods-CarnivalTests.release.xcconfig */;
			buildSettings = {
				ALWAYS_EMBED_SWIFT_STANDARD_LIBRARIES = YES;
				BUNDLE_LOADER = "$(TEST_HOST)";
				CODE_SIGN_STYLE = Automatic;
				CURRENT_PROJECT_VERSION = 1;
				DEVELOPMENT_TEAM = B8PR34D6DP;
				GENERATE_INFOPLIST_FILE = YES;
				IPHONEOS_DEPLOYMENT_TARGET = 15.2;
				MARKETING_VERSION = 1.0;
				PRODUCT_BUNDLE_IDENTIFIER = jp.yuoku.CarnivalTests;
				PRODUCT_NAME = "$(TARGET_NAME)";
				SWIFT_EMIT_LOC_STRINGS = NO;
				SWIFT_VERSION = 5.0;
				TARGETED_DEVICE_FAMILY = "1,2";
				TEST_HOST = "$(BUILT_PRODUCTS_DIR)/Carnival.app/Carnival";
			};
			name = Release;
		};
		B63F963827C8F01D00BB69A4 /* Debug */ = {
			isa = XCBuildConfiguration;
			baseConfigurationReference = 736A144F8AA4A3525A46052C /* Pods-Carnival-CarnivalUITests.debug.xcconfig */;
			buildSettings = {
				ALWAYS_EMBED_SWIFT_STANDARD_LIBRARIES = YES;
				CODE_SIGN_STYLE = Automatic;
				CURRENT_PROJECT_VERSION = 1;
				DEVELOPMENT_TEAM = B8PR34D6DP;
				GENERATE_INFOPLIST_FILE = YES;
				MARKETING_VERSION = 1.0;
				PRODUCT_BUNDLE_IDENTIFIER = jp.yuoku.CarnivalUITests;
				PRODUCT_NAME = "$(TARGET_NAME)";
				SWIFT_EMIT_LOC_STRINGS = NO;
				SWIFT_VERSION = 5.0;
				TARGETED_DEVICE_FAMILY = "1,2";
				TEST_TARGET_NAME = Carnival;
			};
			name = Debug;
		};
		B63F963927C8F01D00BB69A4 /* Release */ = {
			isa = XCBuildConfiguration;
			baseConfigurationReference = ACDB057AC30092C05B9FCD13 /* Pods-Carnival-CarnivalUITests.release.xcconfig */;
			buildSettings = {
				ALWAYS_EMBED_SWIFT_STANDARD_LIBRARIES = YES;
				CODE_SIGN_STYLE = Automatic;
				CURRENT_PROJECT_VERSION = 1;
				DEVELOPMENT_TEAM = B8PR34D6DP;
				GENERATE_INFOPLIST_FILE = YES;
				MARKETING_VERSION = 1.0;
				PRODUCT_BUNDLE_IDENTIFIER = jp.yuoku.CarnivalUITests;
				PRODUCT_NAME = "$(TARGET_NAME)";
				SWIFT_EMIT_LOC_STRINGS = NO;
				SWIFT_VERSION = 5.0;
				TARGETED_DEVICE_FAMILY = "1,2";
				TEST_TARGET_NAME = Carnival;
			};
			name = Release;
		};
/* End XCBuildConfiguration section */

/* Begin XCConfigurationList section */
		B63F960227C8F01C00BB69A4 /* Build configuration list for PBXProject "Carnival" */ = {
			isa = XCConfigurationList;
			buildConfigurations = (
				B63F962F27C8F01D00BB69A4 /* Debug */,
				B63F963027C8F01D00BB69A4 /* Release */,
			);
			defaultConfigurationIsVisible = 0;
			defaultConfigurationName = Release;
		};
		B63F963127C8F01D00BB69A4 /* Build configuration list for PBXNativeTarget "Carnival" */ = {
			isa = XCConfigurationList;
			buildConfigurations = (
				B63F963227C8F01D00BB69A4 /* Debug */,
				B63F963327C8F01D00BB69A4 /* Release */,
			);
			defaultConfigurationIsVisible = 0;
			defaultConfigurationName = Release;
		};
		B63F963427C8F01D00BB69A4 /* Build configuration list for PBXNativeTarget "CarnivalTests" */ = {
			isa = XCConfigurationList;
			buildConfigurations = (
				B63F963527C8F01D00BB69A4 /* Debug */,
				B63F963627C8F01D00BB69A4 /* Release */,
			);
			defaultConfigurationIsVisible = 0;
			defaultConfigurationName = Release;
		};
		B63F963727C8F01D00BB69A4 /* Build configuration list for PBXNativeTarget "CarnivalUITests" */ = {
			isa = XCConfigurationList;
			buildConfigurations = (
				B63F963827C8F01D00BB69A4 /* Debug */,
				B63F963927C8F01D00BB69A4 /* Release */,
			);
			defaultConfigurationIsVisible = 0;
			defaultConfigurationName = Release;
		};
/* End XCConfigurationList section */
	};
	rootObject = B63F95FF27C8F01C00BB69A4 /* Project object */;
}
